
Microsoft Visual Studio Solution File, Format Version 12.00
# Visual Studio Version 16
VisualStudioVersion = 16.0.29001.49
MinimumVisualStudioVersion = 10.0.40219.1
Project("{FAE04EC0-301F-11D3-BF4B-00C04F79EFBC}") = "Numbers", "Numbers\Numbers.csproj", "{492B23DF-5922-4E64-93EC-FC6B819F875A}"
EndProject
Global
	GlobalSection(SolutionConfigurationPlatforms) = preSolution
		Debug|Any CPU = Debug|Any CPU
		Release|Any CPU = Release|Any CPU
	EndGlobalSection
	GlobalSection(ProjectConfigurationPlatforms) = postSolution
		{492B23DF-5922-4E64-93EC-FC6B819F875A}.Debug|Any CPU.ActiveCfg = Debug|Any CPU
		{492B23DF-5922-4E64-93EC-FC6B819F875A}.Debug|Any CPU.Build.0 = Debug|Any CPU
		{492B23DF-5922-4E64-93EC-FC6B819F875A}.Release|Any CPU.ActiveCfg = Release|Any CPU
		{492B23DF-5922-4E64-93EC-FC6B819F875A}.Release|Any CPU.Build.0 = Release|Any CPU
	EndGlobalSection
	GlobalSection(SolutionProperties) = preSolution
		HideSolutionNode = FALSE
	EndGlobalSection
	GlobalSection(ExtensibilityGlobals) = postSolution
		SolutionGuid = {E54A5344-5386-46DB-BC44-CBD4D6A6FBFD}
	EndGlobalSection
EndGlobal
